// !$*UTF8*$!
{
	archiveVersion = 1;
	classes = {
	};
	objectVersion = 46;
	objects = {

/* Begin PBXBuildFile section */
		18D5437E1B90479D007EDE80 /* main.m in Sources */ = {isa = PBXBuildFile; fileRef = 18D5437D1B90479D007EDE80 /* main.m */; };
		18D543811B90479D007EDE80 /* AppDelegate.m in Sources */ = {isa = PBXBuildFile; fileRef = 18D543801B90479D007EDE80 /* AppDelegate.m */; };
		18D543841B90479D007EDE80 /* ViewController.m in Sources */ = {isa = PBXBuildFile; fileRef = 18D543831B90479D007EDE80 /* ViewController.m */; };
		18D543871B90479D007EDE80 /* Main.storyboard in Resources */ = {isa = PBXBuildFile; fileRef = 18D543851B90479D007EDE80 /* Main.storyboard */; };
		18D543891B90479D007EDE80 /* Images.xcassets in Resources */ = {isa = PBXBuildFile; fileRef = 18D543881B90479D007EDE80 /* Images.xcassets */; };
		18D5438C1B90479D007EDE80 /* LaunchScreen.xib in Resources */ = {isa = PBXBuildFile; fileRef = 18D5438A1B90479D007EDE80 /* LaunchScreen.xib */; };
		18D543981B90479D007EDE80 /* ____Tests.m in Sources */ = {isa = PBXBuildFile; fileRef = 18D543971B90479D007EDE80 /* ____Tests.m */; };
/* End PBXBuildFile section */

/* Begin PBXContainerItemProxy section */
		18D543921B90479D007EDE80 /* PBXContainerItemProxy */ = {
			isa = PBXContainerItemProxy;
			containerPortal = 18D543701B90479D007EDE80 /* Project object */;
			proxyType = 1;
			remoteGlobalIDString = 18D543771B90479D007EDE80;
			remoteInfo = "歌词解析";
		};
/* End PBXContainerItemProxy section */

/* Begin PBXFileReference section */
		18D543781B90479D007EDE80 /* 歌词解析.app */ = {isa = PBXFileReference; explicitFileType = wrapper.application; includeInIndex = 0; path = "歌词解析.app"; sourceTree = BUILT_PRODUCTS_DIR; };
		18D5437C1B90479D007EDE80 /* Info.plist */ = {isa = PBXFileReference; lastKnownFileType = text.plist.xml; path = Info.plist; sourceTree = "<group>"; };
		18D5437D1B90479D007EDE80 /* main.m */ = {isa = PBXFileReference; lastKnownFileType = sourcecode.c.objc; path = main.m; sourceTree = "<group>"; };
		18D5437F1B90479D007EDE80 /* AppDelegate.h */ = {isa = PBXFileReference; lastKnownFileType = sourcecode.c.h; path = AppDelegate.h; sourceTree = "<group>"; };
		18D543801B90479D007EDE80 /* AppDelegate.m */ = {isa = PBXFileReference; lastKnownFileType = sourcecode.c.objc; path = AppDelegate.m; sourceTree = "<group>"; };
		18D543821B90479D007EDE80 /* ViewController.h */ = {isa = PBXFileReference; lastKnownFileType = sourcecode.c.h; path = ViewController.h; sourceTree = "<group>"; };
		18D543831B90479D007EDE80 /* ViewController.m */ = {isa = PBXFileReference; lastKnownFileType = sourcecode.c.objc; path = ViewController.m; sourceTree = "<group>"; };
		18D543861B90479D007EDE80 /* Base */ = {isa = PBXFileReference; lastKnownFileType = file.storyboard; name = Base; path = Base.lproj/Main.storyboard; sourceTree = "<group>"; };
		18D543881B90479D007EDE80 /* Images.xcassets */ = {isa = PBXFileReference; lastKnownFileType = folder.assetcatalog; path = Images.xcassets; sourceTree = "<group>"; };
		18D5438B1B90479D007EDE80 /* Base */ = {isa = PBXFileReference; lastKnownFileType = file.xib; name = Base; path = Base.lproj/LaunchScreen.xib; sourceTree = "<group>"; };
		18D543911B90479D007EDE80 /* 歌词解析Tests.xctest */ = {isa = PBXFileReference; explicitFileType = wrapper.cfbundle; includeInIndex = 0; path = "歌词解析Tests.xctest"; sourceTree = BUILT_PRODUCTS_DIR; };
		18D543961B90479D007EDE80 /* Info.plist */ = {isa = PBXFileReference; lastKnownFileType = text.plist.xml; path = Info.plist; sourceTree = "<group>"; };
		18D543971B90479D007EDE80 /* ____Tests.m */ = {isa = PBXFileReference; lastKnownFileType = sourcecode.c.objc; path = "____Tests.m"; sourceTree = "<group>"; };
/* End PBXFileReference section */

/* Begin PBXFrameworksBuildPhase section */
		18D543751B90479D007EDE80 /* Frameworks */ = {
			isa = PBXFrameworksBuildPhase;
			buildActionMask = 2147483647;
			files = (
			);
			runOnlyForDeploymentPostprocessing = 0;
		};
		18D5438E1B90479D007EDE80 /* Frameworks */ = {
			isa = PBXFrameworksBuildPhase;
			buildActionMask = 2147483647;
			files = (
			);
			runOnlyForDeploymentPostprocessing = 0;
		};
/* End PBXFrameworksBuildPhase section */

/* Begin PBXGroup section */
		18D5436F1B90479D007EDE80 = {
			isa = PBXGroup;
			children = (
				18D5437A1B90479D007EDE80 /* 歌词解析 */,
				18D543941B90479D007EDE80 /* 歌词解析Tests */,
				18D543791B90479D007EDE80 /* Products */,
			);
			sourceTree = "<group>";
		};
		18D543791B90479D007EDE80 /* Products */ = {
			isa = PBXGroup;
			children = (
				18D543781B90479D007EDE80 /* 歌词解析.app */,
				18D543911B90479D007EDE80 /* 歌词解析Tests.xctest */,
			);
			name = Products;
			sourceTree = "<group>";
		};
		18D5437A1B90479D007EDE80 /* 歌词解析 */ = {
			isa = PBXGroup;
			children = (
				18D5437F1B90479D007EDE80 /* AppDelegate.h */,
				18D543801B90479D007EDE80 /* AppDelegate.m */,
				18D543821B90479D007EDE80 /* ViewController.h */,
				18D543831B90479D007EDE80 /* ViewController.m */,
				18D543851B90479D007EDE80 /* Main.storyboard */,
				18D543881B90479D007EDE80 /* Images.xcassets */,
				18D5438A1B90479D007EDE80 /* LaunchScreen.xib */,
				18D5437B1B90479D007EDE80 /* Supporting Files */,
			);
			path = "歌词解析";
			sourceTree = "<group>";
		};
		18D5437B1B90479D007EDE80 /* Supporting Files */ = {
			isa = PBXGroup;
			children = (
				18D5437C1B90479D007EDE80 /* Info.plist */,
				18D5437D1B90479D007EDE80 /* main.m */,
			);
			name = "Supporting Files";
			sourceTree = "<group>";
		};
		18D543941B90479D007EDE80 /* 歌词解析Tests */ = {
			isa = PBXGroup;
			children = (
				18D543971B90479D007EDE80 /* ____Tests.m */,
				18D543951B90479D007EDE80 /* Supporting Files */,
			);
			path = "歌词解析Tests";
			sourceTree = "<group>";
		};
		18D543951B90479D007EDE80 /* Supporting Files */ = {
			isa = PBXGroup;
			children = (
				18D543961B90479D007EDE80 /* Info.plist */,
			);
			name = "Supporting Files";
			sourceTree = "<group>";
		};
/* End PBXGroup section */

/* Begin PBXNativeTarget section */
		18D543771B90479D007EDE80 /* 歌词解析 */ = {
			isa = PBXNativeTarget;
			buildConfigurationList = 18D5439B1B90479D007EDE80 /* Build configuration list for PBXNativeTarget "歌词解析" */;
			buildPhases = (
				18D543741B90479D007EDE80 /* Sources */,
				18D543751B90479D007EDE80 /* Frameworks */,
				18D543761B90479D007EDE80 /* Resources */,
			);
			buildRules = (
			);
			dependencies = (
			);
			name = "歌词解析";
			productName = "歌词解析";
			productReference = 18D543781B90479D007EDE80 /* 歌词解析.app */;
			productType = "com.apple.product-type.application";
		};
		18D543901B90479D007EDE80 /* 歌词解析Tests */ = {
			isa = PBXNativeTarget;
			buildConfigurationList = 18D5439E1B90479D007EDE80 /* Build configuration list for PBXNativeTarget "歌词解析Tests" */;
			buildPhases = (
				18D5438D1B90479D007EDE80 /* Sources */,
				18D5438E1B90479D007EDE80 /* Frameworks */,
				18D5438F1B90479D007EDE80 /* Resources */,
			);
			buildRules = (
			);
			dependencies = (
				18D543931B90479D007EDE80 /* PBXTargetDependency */,
			);
			name = "歌词解析Tests";
			productName = "歌词解析Tests";
			productReference = 18D543911B90479D007EDE80 /* 歌词解析Tests.xctest */;
			productType = "com.apple.product-type.bundle.unit-test";
		};
/* End PBXNativeTarget section */

/* Begin PBXProject section */
		18D543701B90479D007EDE80 /* Project object */ = {
			isa = PBXProject;
			attributes = {
				LastUpgradeCheck = 0640;
				ORGANIZATIONNAME = apple;
				TargetAttributes = {
					18D543771B90479D007EDE80 = {
						CreatedOnToolsVersion = 6.4;
					};
					18D543901B90479D007EDE80 = {
						CreatedOnToolsVersion = 6.4;
						TestTargetID = 18D543771B90479D007EDE80;
					};
				};
			};
			buildConfigurationList = 18D543731B90479D007EDE80 /* Build configuration list for PBXProject "歌词解析" */;
			compatibilityVersion = "Xcode 3.2";
			developmentRegion = English;
			hasScannedForEncodings = 0;
			knownRegions = (
				en,
				Base,
			);
			mainGroup = 18D5436F1B90479D007EDE80;
			productRefGroup = 18D543791B90479D007EDE80 /* Products */;
			projectDirPath = "";
			projectRoot = "";
			targets = (
				18D543771B90479D007EDE80 /* 歌词解析 */,
				18D543901B90479D007EDE80 /* 歌词解析Tests */,
			);
		};
/* End PBXProject section */

/* Begin PBXResourcesBuildPhase section */
		18D543761B90479D007EDE80 /* Resources */ = {
			isa = PBXResourcesBuildPhase;
			buildActionMask = 2147483647;
			files = (
				18D543871B90479D007EDE80 /* Main.storyboard in Resources */,
				18D5438C1B90479D007EDE80 /* LaunchScreen.xib in Resources */,
				18D543891B90479D007EDE80 /* Images.xcassets in Resources */,
			);
			runOnlyForDeploymentPostprocessing = 0;
		};
		18D5438F1B90479D007EDE80 /* Resources */ = {
			isa = PBXResourcesBuildPhase;
			buildActionMask = 2147483647;
			files = (
			);
			runOnlyForDeploymentPostprocessing = 0;
		};
/* End PBXResourcesBuildPhase section */

/* Begin PBXSourcesBuildPhase section */
		18D543741B90479D007EDE80 /* Sources */ = {
			isa = PBXSourcesBuildPhase;
			buildActionMask = 2147483647;
			files = (
				18D543841B90479D007EDE80 /* ViewController.m in Sources */,
				18D543811B90479D007EDE80 /* AppDelegate.m in Sources */,
				18D5437E1B90479D007EDE80 /* main.m in Sources */,
			);
			runOnlyForDeploymentPostprocessing = 0;
		};
		18D5438D1B90479D007EDE80 /* Sources */ = {
			isa = PBXSourcesBuildPhase;
			buildActionMask = 2147483647;
			files = (
				18D543981B90479D007EDE80 /* ____Tests.m in Sources */,
			);
			runOnlyForDeploymentPostprocessing = 0;
		};
/* End PBXSourcesBuildPhase section */

/* Begin PBXTargetDependency section */
		18D543931B90479D007EDE80 /* PBXTargetDependency */ = {
			isa = PBXTargetDependency;
			target = 18D543771B90479D007EDE80 /* 歌词解析 */;
			targetProxy = 18D543921B90479D007EDE80 /* PBXContainerItemProxy */;
		};
/* End PBXTargetDependency section */

/* Begin PBXVariantGroup section */
		18D543851B90479D007EDE80 /* Main.storyboard */ = {
			isa = PBXVariantGroup;
			children = (
				18D543861B90479D007EDE80 /* Base */,
			);
			name = Main.storyboard;
			sourceTree = "<group>";
		};
		18D5438A1B90479D007EDE80 /* LaunchScreen.xib */ = {
			isa = PBXVariantGroup;
			children = (
				18D5438B1B90479D007EDE80 /* Base */,
			);
			name = LaunchScreen.xib;
			sourceTree = "<group>";
		};
/* End PBXVariantGroup section */

/* Begin XCBuildConfiguration section */
		18D543991B90479D007EDE80 /* Debug */ = {
			isa = XCBuildConfiguration;
			buildSettings = {
				ALWAYS_SEARCH_USER_PATHS = NO;
				CLANG_CXX_LANGUAGE_STANDARD = "gnu++0x";
				CLANG_CXX_LIBRARY = "libc++";
				CLANG_ENABLE_MODULES = YES;
				CLANG_ENABLE_OBJC_ARC = YES;
				CLANG_WARN_BOOL_CONVERSION = YES;
				CLANG_WARN_CONSTANT_CONVERSION = YES;
				CLANG_WARN_DIRECT_OBJC_ISA_USAGE = YES_ERROR;
				CLANG_WARN_EMPTY_BODY = YES;
				CLANG_WARN_ENUM_CONVERSION = YES;
				CLANG_WARN_INT_CONVERSION = YES;
				CLANG_WARN_OBJC_ROOT_CLASS = YES_ERROR;
				CLANG_WARN_UNREACHABLE_CODE = YES;
				CLANG_WARN__DUPLICATE_METHOD_MATCH = YES;
				"CODE_SIGN_IDENTITY[sdk=iphoneos*]" = "iPhone Developer";
				COPY_PHASE_STRIP = NO;
				DEBUG_INFORMATION_FORMAT = "dwarf-with-dsym";
				ENABLE_STRICT_OBJC_MSGSEND = YES;
				GCC_C_LANGUAGE_STANDARD = gnu99;
				GCC_DYNAMIC_NO_PIC = NO;
				GCC_NO_COMMON_BLOCKS = YES;
				GCC_OPTIMIZATION_LEVEL = 0;
				GCC_PREPROCESSOR_DEFINITIONS = (
					"DEBUG=1",
					"$(inherited)",
				);
				GCC_SYMBOLS_PRIVATE_EXTERN = NO;
				GCC_WARN_64_TO_32_BIT_CONVERSION = YES;
				GCC_WARN_ABOUT_RETURN_TYPE = YES_ERROR;
				GCC_WARN_UNDECLARED_SELECTOR = YES;
				GCC_WARN_UNINITIALIZED_AUTOS = YES_AGGRESSIVE;
				GCC_WARN_UNUSED_FUNCTION = YES;
				GCC_WARN_UNUSED_VARIABLE = YES;
				IPHONEOS_DEPLOYMENT_TARGET = 8.4;
				MTL_ENABLE_DEBUG_INFO = YES;
				ONLY_ACTIVE_ARCH = YES;
				SDKROOT = iphoneos;
			};
			name = Debug;
		};
		18D5439A1B90479D007EDE80 /* Release */ = {
			isa = XCBuildConfiguration;
			buildSettings = {
				ALWAYS_SEARCH_USER_PATHS = NO;
				CLANG_CXX_LANGUAGE_STANDARD = "gnu++0x";
				CLANG_CXX_LIBRARY = "libc++";
				CLANG_ENABLE_MODULES = YES;
				CLANG_ENABLE_OBJC_ARC = YES;
				CLANG_WARN_BOOL_CONVERSION = YES;
				CLANG_WARN_CONSTANT_CONVERSION = YES;
				CLANG_WARN_DIRECT_OBJC_ISA_USAGE = YES_ERROR;
				CLANG_WARN_EMPTY_BODY = YES;
				CLANG_WARN_ENUM_CONVERSION = YES;
				CLANG_WARN_INT_CONVERSION = YES;
				CLANG_WARN_OBJC_ROOT_CLASS = YES_ERROR;
				CLANG_WARN_UNREACHABLE_CODE = YES;
				CLANG_WARN__DUPLICATE_METHOD_MATCH = YES;
				"CODE_SIGN_IDENTITY[sdk=iphoneos*]" = "iPhone Developer";
				COPY_PHASE_STRIP = NO;
				DEBUG_INFORMATION_FORMAT = "dwarf-with-dsym";
				ENABLE_NS_ASSERTIONS = NO;
				ENABLE_STRICT_OBJC_MSGSEND = YES;
				GCC_C_LANGUAGE_STANDARD = gnu99;
				GCC_NO_COMMON_BLOCKS = YES;
				GCC_WARN_64_TO_32_BIT_CONVERSION = YES;
				GCC_WARN_ABOUT_RETURN_TYPE = YES_ERROR;
				GCC_WARN_UNDECLARED_SELECTOR = YES;
				GCC_WARN_UNINITIALIZED_AUTOS = YES_AGGRESSIVE;
				GCC_WARN_UNUSED_FUNCTION = YES;
				GCC_WARN_UNUSED_VARIABLE = YES;
				IPHONEOS_DEPLOYMENT_TARGET = 8.4;
				MTL_ENABLE_DEBUG_INFO = NO;
				SDKROOT = iphoneos;
				VALIDATE_PRODUCT = YES;
			};
			name = Release;
		};
		18D5439C1B90479D007EDE80 /* Debug */ = {
			isa = XCBuildConfiguration;
			buildSettings = {
				ASSETCATALOG_COMPILER_APPICON_NAME = AppIcon;
				INFOPLIST_FILE = "歌词解析/Info.plist";
				LD_RUNPATH_SEARCH_PATHS = "$(inherited) @executable_path/Frameworks";
				PRODUCT_NAME = "$(TARGET_NAME)";
			};
			name = Debug;
		};
		18D5439D1B90479D007EDE80 /* Release */ = {
			isa = XCBuildConfiguration;
			buildSettings = {
				ASSETCATALOG_COMPILER_APPICON_NAME = AppIcon;
				INFOPLIST_FILE = "歌词解析/Info.plist";
				LD_RUNPATH_SEARCH_PATHS = "$(inherited) @executable_path/Frameworks";
				PRODUCT_NAME = "$(TARGET_NAME)";
			};
			name = Release;
		};
		18D5439F1B90479D007EDE80 /* Debug */ = {
			isa = XCBuildConfiguration;
			buildSettings = {
				BUNDLE_LOADER = "$(TEST_HOST)";
				FRAMEWORK_SEARCH_PATHS = (
					"$(SDKROOT)/Developer/Library/Frameworks",
					"$(inherited)",
				);
				GCC_PREPROCESSOR_DEFINITIONS = (
					"DEBUG=1",
					"$(inherited)",
				);
				INFOPLIST_FILE = "歌词解析Tests/Info.plist";
				LD_RUNPATH_SEARCH_PATHS = "$(inherited) @executable_path/Frameworks @loader_path/Frameworks";
				PRODUCT_NAME = "$(TARGET_NAME)";
				TEST_HOST = "$(BUILT_PRODUCTS_DIR)/歌词解析.app/歌词解析";
			};
			name = Debug;
		};
		18D543A01B90479D007EDE80 /* Release */ = {
			isa = XCBuildConfiguration;
			buildSettings = {
				BUNDLE_LOADER = "$(TEST_HOST)";
				FRAMEWORK_SEARCH_PATHS = (
					"$(SDKROOT)/Developer/Library/Frameworks",
					"$(inherited)",
				);
				INFOPLIST_FILE = "歌词解析Tests/Info.plist";
				LD_RUNPATH_SEARCH_PATHS = "$(inherited) @executable_path/Frameworks @loader_path/Frameworks";
				PRODUCT_NAME = "$(TARGET_NAME)";
				TEST_HOST = "$(BUILT_PRODUCTS_DIR)/歌词解析.app/歌词解析";
			};
			name = Release;
		};
/* End XCBuildConfiguration section */

/* Begin XCConfigurationList section */
		18D543731B90479D007EDE80 /* Build configuration list for PBXProject "歌词解析" */ = {
			isa = XCConfigurationList;
			buildConfigurations = (
				18D543991B90479D007EDE80 /* Debug */,
				18D5439A1B90479D007EDE80 /* Release */,
			);
			defaultConfigurationIsVisible = 0;
			defaultConfigurationName = Release;
		};
		18D5439B1B90479D007EDE80 /* Build configuration list for PBXNativeTarget "歌词解析" */ = {
			isa = XCConfigurationList;
			buildConfigurations = (
				18D5439C1B90479D007EDE80 /* Debug */,
				18D5439D1B90479D007EDE80 /* Release */,
			);
			defaultConfigurationIsVisible = 0;
		};
		18D5439E1B90479D007EDE80 /* Build configuration list for PBXNativeTarget "歌词解析Tests" */ = {
			isa = XCConfigurationList;
			buildConfigurations = (
				18D5439F1B90479D007EDE80 /* Debug */,
				18D543A01B90479D007EDE80 /* Release */,
			);
			defaultConfigurationIsVisible = 0;
		};
/* End XCConfigurationList section */
	};
	rootObject = 18D543701B90479D007EDE80 /* Project object */;
}
